// !$*UTF8*$!
{
	archiveVersion = 1;
	classes = {
	};
	objectVersion = 56;
	objects = {

/* Begin PBXBuildFile section */
		6494FB642C09F76100D4A416 /* UserListViewModel.swift in Sources */ = {isa = PBXBuildFile; fileRef = 6494FB632C09F76100D4A416 /* UserListViewModel.swift */; };
		6494FB662C09F76D00D4A416 /* UserCellViewModel.swift in Sources */ = {isa = PBXBuildFile; fileRef = 6494FB652C09F76D00D4A416 /* UserCellViewModel.swift */; };
		6494FB682C09FC4D00D4A416 /* TimeLineCell.swift in Sources */ = {isa = PBXBuildFile; fileRef = 6494FB672C09FC4D00D4A416 /* TimeLineCell.swift */; };
		6494FB6A2C09FE2A00D4A416 /* TimeLineViewController.swift in Sources */ = {isa = PBXBuildFile; fileRef = 6494FB692C09FE2A00D4A416 /* TimeLineViewController.swift */; };
		6494FB6D2C0A046C00D4A416 /* UIImage+Extension.swift in Sources */ = {isa = PBXBuildFile; fileRef = 6494FB6C2C0A046C00D4A416 /* UIImage+Extension.swift */; };
		64B4FBB12C0334C600382F37 /* AppDelegate.swift in Sources */ = {isa = PBXBuildFile; fileRef = 64B4FBB02C0334C600382F37 /* AppDelegate.swift */; };
		64B4FBB82C0334C700382F37 /* Base in Resources */ = {isa = PBXBuildFile; fileRef = 64B4FBB72C0334C700382F37 /* Base */; };
		64B4FBBA2C0334C700382F37 /* Assets.xcassets in Resources */ = {isa = PBXBuildFile; fileRef = 64B4FBB92C0334C700382F37 /* Assets.xcassets */; };
		64B4FBBD2C0334C700382F37 /* Base in Resources */ = {isa = PBXBuildFile; fileRef = 64B4FBBC2C0334C700382F37 /* Base */; };
		64B4FBC92C03352900382F37 /* User.swift in Sources */ = {isa = PBXBuildFile; fileRef = 64B4FBC82C03352900382F37 /* User.swift */; };
		64B4FBCB2C0335BC00382F37 /* API.swift in Sources */ = {isa = PBXBuildFile; fileRef = 64B4FBCA2C0335BC00382F37 /* API.swift */; };
		64B4FBCD2C033A2B00382F37 /* ImageDownloader.swift in Sources */ = {isa = PBXBuildFile; fileRef = 64B4FBCC2C033A2B00382F37 /* ImageDownloader.swift */; };
/* End PBXBuildFile section */

/* Begin PBXFileReference section */
		6494FB632C09F76100D4A416 /* UserListViewModel.swift */ = {isa = PBXFileReference; lastKnownFileType = sourcecode.swift; path = UserListViewModel.swift; sourceTree = "<group>"; };
		6494FB652C09F76D00D4A416 /* UserCellViewModel.swift */ = {isa = PBXFileReference; lastKnownFileType = sourcecode.swift; path = UserCellViewModel.swift; sourceTree = "<group>"; };
		6494FB672C09FC4D00D4A416 /* TimeLineCell.swift */ = {isa = PBXFileReference; lastKnownFileType = sourcecode.swift; path = TimeLineCell.swift; sourceTree = "<group>"; };
		6494FB692C09FE2A00D4A416 /* TimeLineViewController.swift */ = {isa = PBXFileReference; lastKnownFileType = sourcecode.swift; path = TimeLineViewController.swift; sourceTree = "<group>"; };
		6494FB6C2C0A046C00D4A416 /* UIImage+Extension.swift */ = {isa = PBXFileReference; lastKnownFileType = sourcecode.swift; path = "UIImage+Extension.swift"; sourceTree = "<group>"; };
		64B4FBAD2C0334C600382F37 /* MVVM_first.app */ = {isa = PBXFileReference; explicitFileType = wrapper.application; includeInIndex = 0; path = MVVM_first.app; sourceTree = BUILT_PRODUCTS_DIR; };
		64B4FBB02C0334C600382F37 /* AppDelegate.swift */ = {isa = PBXFileReference; lastKnownFileType = sourcecode.swift; path = AppDelegate.swift; sourceTree = "<group>"; };
		64B4FBB72C0334C700382F37 /* Base */ = {isa = PBXFileReference; lastKnownFileType = file.storyboard; name = Base; path = Base.lproj/Main.storyboard; sourceTree = "<group>"; };
		64B4FBB92C0334C700382F37 /* Assets.xcassets */ = {isa = PBXFileReference; lastKnownFileType = folder.assetcatalog; path = Assets.xcassets; sourceTree = "<group>"; };
		64B4FBBC2C0334C700382F37 /* Base */ = {isa = PBXFileReference; lastKnownFileType = file.storyboard; name = Base; path = Base.lproj/LaunchScreen.storyboard; sourceTree = "<group>"; };
		64B4FBBE2C0334C700382F37 /* Info.plist */ = {isa = PBXFileReference; lastKnownFileType = text.plist.xml; path = Info.plist; sourceTree = "<group>"; };
		64B4FBC82C03352900382F37 /* User.swift */ = {isa = PBXFileReference; lastKnownFileType = sourcecode.swift; path = User.swift; sourceTree = "<group>"; };
		64B4FBCA2C0335BC00382F37 /* API.swift */ = {isa = PBXFileReference; lastKnownFileType = sourcecode.swift; path = API.swift; sourceTree = "<group>"; };
		64B4FBCC2C033A2B00382F37 /* ImageDownloader.swift */ = {isa = PBXFileReference; lastKnownFileType = sourcecode.swift; path = ImageDownloader.swift; sourceTree = "<group>"; };
/* End PBXFileReference section */

/* Begin PBXFrameworksBuildPhase section */
		64B4FBAA2C0334C600382F37 /* Frameworks */ = {
			isa = PBXFrameworksBuildPhase;
			buildActionMask = 2147483647;
			files = (
			);
			runOnlyForDeploymentPostprocessing = 0;
		};
/* End PBXFrameworksBuildPhase section */

/* Begin PBXGroup section */
		6494FB6B2C0A043C00D4A416 /* Extension */ = {
			isa = PBXGroup;
			children = (
				6494FB6C2C0A046C00D4A416 /* UIImage+Extension.swift */,
			);
			path = Extension;
			sourceTree = "<group>";
		};
		64B4FBA42C0334C600382F37 = {
			isa = PBXGroup;
			children = (
				64B4FBAF2C0334C600382F37 /* MVVM_first */,
				64B4FBAE2C0334C600382F37 /* Products */,
			);
			sourceTree = "<group>";
		};
		64B4FBAE2C0334C600382F37 /* Products */ = {
			isa = PBXGroup;
			children = (
				64B4FBAD2C0334C600382F37 /* MVVM_first.app */,
			);
			name = Products;
			sourceTree = "<group>";
		};
		64B4FBAF2C0334C600382F37 /* MVVM_first */ = {
			isa = PBXGroup;
			children = (
				6494FB6B2C0A043C00D4A416 /* Extension */,
				64B4FBC72C0334F400382F37 /* ViewController */,
				64B4FBC62C0334E100382F37 /* View */,
				64B4FBC52C0334DB00382F37 /* ViewModel */,
				64B4FBC42C0334D500382F37 /* Model */,
				64B4FBB02C0334C600382F37 /* AppDelegate.swift */,
				64B4FBB62C0334C700382F37 /* Main.storyboard */,
				64B4FBB92C0334C700382F37 /* Assets.xcassets */,
				64B4FBBB2C0334C700382F37 /* LaunchScreen.storyboard */,
				64B4FBBE2C0334C700382F37 /* Info.plist */,
			);
			path = MVVM_first;
			sourceTree = "<group>";
		};
		64B4FBC42C0334D500382F37 /* Model */ = {
			isa = PBXGroup;
			children = (
				64B4FBC82C03352900382F37 /* User.swift */,
				64B4FBCA2C0335BC00382F37 /* API.swift */,
				64B4FBCC2C033A2B00382F37 /* ImageDownloader.swift */,
			);
			path = Model;
			sourceTree = "<group>";
		};
		64B4FBC52C0334DB00382F37 /* ViewModel */ = {
			isa = PBXGroup;
			children = (
				6494FB632C09F76100D4A416 /* UserListViewModel.swift */,
				6494FB652C09F76D00D4A416 /* UserCellViewModel.swift */,
			);
			path = ViewModel;
			sourceTree = "<group>";
		};
		64B4FBC62C0334E100382F37 /* View */ = {
			isa = PBXGroup;
			children = (
				6494FB672C09FC4D00D4A416 /* TimeLineCell.swift */,
			);
			path = View;
			sourceTree = "<group>";
		};
		64B4FBC72C0334F400382F37 /* ViewController */ = {
			isa = PBXGroup;
			children = (
				6494FB692C09FE2A00D4A416 /* TimeLineViewController.swift */,
			);
			path = ViewController;
			sourceTree = "<group>";
		};
/* End PBXGroup section */

/* Begin PBXNativeTarget section */
		64B4FBAC2C0334C600382F37 /* MVVM_first */ = {
			isa = PBXNativeTarget;
			buildConfigurationList = 64B4FBC12C0334C700382F37 /* Build configuration list for PBXNativeTarget "MVVM_first" */;
			buildPhases = (
				64B4FBA92C0334C600382F37 /* Sources */,
				64B4FBAA2C0334C600382F37 /* Frameworks */,
				64B4FBAB2C0334C600382F37 /* Resources */,
			);
			buildRules = (
			);
			dependencies = (
			);
			name = MVVM_first;
			productName = MVVM_first;
			productReference = 64B4FBAD2C0334C600382F37 /* MVVM_first.app */;
			productType = "com.apple.product-type.application";
		};
/* End PBXNativeTarget section */

/* Begin PBXProject section */
		64B4FBA52C0334C600382F37 /* Project object */ = {
			isa = PBXProject;
			attributes = {
				BuildIndependentTargetsInParallel = 1;
				LastSwiftUpdateCheck = 1540;
				LastUpgradeCheck = 1540;
				TargetAttributes = {
					64B4FBAC2C0334C600382F37 = {
						CreatedOnToolsVersion = 15.4;
					};
				};
			};
			buildConfigurationList = 64B4FBA82C0334C600382F37 /* Build configuration list for PBXProject "MVVM_first" */;
			compatibilityVersion = "Xcode 14.0";
			developmentRegion = en;
			hasScannedForEncodings = 0;
			knownRegions = (
				en,
				Base,
			);
			mainGroup = 64B4FBA42C0334C600382F37;
			productRefGroup = 64B4FBAE2C0334C600382F37 /* Products */;
			projectDirPath = "";
			projectRoot = "";
			targets = (
				64B4FBAC2C0334C600382F37 /* MVVM_first */,
			);
		};
/* End PBXProject section */

/* Begin PBXResourcesBuildPhase section */
		64B4FBAB2C0334C600382F37 /* Resources */ = {
			isa = PBXResourcesBuildPhase;
			buildActionMask = 2147483647;
			files = (
				64B4FBBA2C0334C700382F37 /* Assets.xcassets in Resources */,
				64B4FBBD2C0334C700382F37 /* Base in Resources */,
				64B4FBB82C0334C700382F37 /* Base in Resources */,
			);
			runOnlyForDeploymentPostprocessing = 0;
		};
/* End PBXResourcesBuildPhase section */

/* Begin PBXSourcesBuildPhase section */
		64B4FBA92C0334C600382F37 /* Sources */ = {
			isa = PBXSourcesBuildPhase;
			buildActionMask = 2147483647;
			files = (
				64B4FBC92C03352900382F37 /* User.swift in Sources */,
				64B4FBCB2C0335BC00382F37 /* API.swift in Sources */,
				64B4FBCD2C033A2B00382F37 /* ImageDownloader.swift in Sources */,
				6494FB6D2C0A046C00D4A416 /* UIImage+Extension.swift in Sources */,
				64B4FBB12C0334C600382F37 /* AppDelegate.swift in Sources */,
				6494FB642C09F76100D4A416 /* UserListViewModel.swift in Sources */,
				6494FB6A2C09FE2A00D4A416 /* TimeLineViewController.swift in Sources */,
				6494FB662C09F76D00D4A416 /* UserCellViewModel.swift in Sources */,
				6494FB682C09FC4D00D4A416 /* TimeLineCell.swift in Sources */,
			);
			runOnlyForDeploymentPostprocessing = 0;
		};
/* End PBXSourcesBuildPhase section */

/* Begin PBXVariantGroup section */
		64B4FBB62C0334C700382F37 /* Main.storyboard */ = {
			isa = PBXVariantGroup;
			children = (
				64B4FBB72C0334C700382F37 /* Base */,
			);
			name = Main.storyboard;
			sourceTree = "<group>";
		};
		64B4FBBB2C0334C700382F37 /* LaunchScreen.storyboard */ = {
			isa = PBXVariantGroup;
			children = (
				64B4FBBC2C0334C700382F37 /* Base */,
			);
			name = LaunchScreen.storyboard;
			sourceTree = "<group>";
		};
/* End PBXVariantGroup section */

/* Begin XCBuildConfiguration section */
		64B4FBBF2C0334C700382F37 /* Debug */ = {
			isa = XCBuildConfiguration;
			buildSettings = {
				ALWAYS_SEARCH_USER_PATHS = NO;
				ASSETCATALOG_COMPILER_GENERATE_SWIFT_ASSET_SYMBOL_EXTENSIONS = YES;
				CLANG_ANALYZER_NONNULL = YES;
				CLANG_ANALYZER_NUMBER_OBJECT_CONVERSION = YES_AGGRESSIVE;
				CLANG_CXX_LANGUAGE_STANDARD = "gnu++20";
				CLANG_ENABLE_MODULES = YES;
				CLANG_ENABLE_OBJC_ARC = YES;
				CLANG_ENABLE_OBJC_WEAK = YES;
				CLANG_WARN_BLOCK_CAPTURE_AUTORELEASING = YES;
				CLANG_WARN_BOOL_CONVERSION = YES;
				CLANG_WARN_COMMA = YES;
				CLANG_WARN_CONSTANT_CONVERSION = YES;
				CLANG_WARN_DEPRECATED_OBJC_IMPLEMENTATIONS = YES;
				CLANG_WARN_DIRECT_OBJC_ISA_USAGE = YES_ERROR;
				CLANG_WARN_DOCUMENTATION_COMMENTS = YES;
				CLANG_WARN_EMPTY_BODY = YES;
				CLANG_WARN_ENUM_CONVERSION = YES;
				CLANG_WARN_INFINITE_RECURSION = YES;
				CLANG_WARN_INT_CONVERSION = YES;
				CLANG_WARN_NON_LITERAL_NULL_CONVERSION = YES;
				CLANG_WARN_OBJC_IMPLICIT_RETAIN_SELF = YES;
				CLANG_WARN_OBJC_LITERAL_CONVERSION = YES;
				CLANG_WARN_OBJC_ROOT_CLASS = YES_ERROR;
				CLANG_WARN_QUOTED_INCLUDE_IN_FRAMEWORK_HEADER = YES;
				CLANG_WARN_RANGE_LOOP_ANALYSIS = YES;
				CLANG_WARN_STRICT_PROTOTYPES = YES;
				CLANG_WARN_SUSPICIOUS_MOVE = YES;
				CLANG_WARN_UNGUARDED_AVAILABILITY = YES_AGGRESSIVE;
				CLANG_WARN_UNREACHABLE_CODE = YES;
				CLANG_WARN__DUPLICATE_METHOD_MATCH = YES;
				COPY_PHASE_STRIP = NO;
				DEBUG_INFORMATION_FORMAT = dwarf;
				ENABLE_STRICT_OBJC_MSGSEND = YES;
				ENABLE_TESTABILITY = YES;
				ENABLE_USER_SCRIPT_SANDBOXING = YES;
				GCC_C_LANGUAGE_STANDARD = gnu17;
				GCC_DYNAMIC_NO_PIC = NO;
				GCC_NO_COMMON_BLOCKS = YES;
				GCC_OPTIMIZATION_LEVEL = 0;
				GCC_PREPROCESSOR_DEFINITIONS = (
					"DEBUG=1",
					"$(inherited)",
				);
				GCC_WARN_64_TO_32_BIT_CONVERSION = YES;
				GCC_WARN_ABOUT_RETURN_TYPE = YES_ERROR;
				GCC_WARN_UNDECLARED_SELECTOR = YES;
				GCC_WARN_UNINITIALIZED_AUTOS = YES_AGGRESSIVE;
				GCC_WARN_UNUSED_FUNCTION = YES;
				GCC_WARN_UNUSED_VARIABLE = YES;
				IPHONEOS_DEPLOYMENT_TARGET = 17.5;
				LOCALIZATION_PREFERS_STRING_CATALOGS = YES;
				MTL_ENABLE_DEBUG_INFO = INCLUDE_SOURCE;
				MTL_FAST_MATH = YES;
				ONLY_ACTIVE_ARCH = YES;
				SDKROOT = iphoneos;
				SWIFT_ACTIVE_COMPILATION_CONDITIONS = "DEBUG $(inherited)";
				SWIFT_OPTIMIZATION_LEVEL = "-Onone";
			};
			name = Debug;
		};
		64B4FBC02C0334C700382F37 /* Release */ = {
			isa = XCBuildConfiguration;
			buildSettings = {
				ALWAYS_SEARCH_USER_PATHS = NO;
				ASSETCATALOG_COMPILER_GENERATE_SWIFT_ASSET_SYMBOL_EXTENSIONS = YES;
				CLANG_ANALYZER_NONNULL = YES;
				CLANG_ANALYZER_NUMBER_OBJECT_CONVERSION = YES_AGGRESSIVE;
				CLANG_CXX_LANGUAGE_STANDARD = "gnu++20";
				CLANG_ENABLE_MODULES = YES;
				CLANG_ENABLE_OBJC_ARC = YES;
				CLANG_ENABLE_OBJC_WEAK = YES;
				CLANG_WARN_BLOCK_CAPTURE_AUTORELEASING = YES;
				CLANG_WARN_BOOL_CONVERSION = YES;
				CLANG_WARN_COMMA = YES;
				CLANG_WARN_CONSTANT_CONVERSION = YES;
				CLANG_WARN_DEPRECATED_OBJC_IMPLEMENTATIONS = YES;
				CLANG_WARN_DIRECT_OBJC_ISA_USAGE = YES_ERROR;
				CLANG_WARN_DOCUMENTATION_COMMENTS = YES;
				CLANG_WARN_EMPTY_BODY = YES;
				CLANG_WARN_ENUM_CONVERSION = YES;
				CLANG_WARN_INFINITE_RECURSION = YES;
				CLANG_WARN_INT_CONVERSION = YES;
				CLANG_WARN_NON_LITERAL_NULL_CONVERSION = YES;
				CLANG_WARN_OBJC_IMPLICIT_RETAIN_SELF = YES;
				CLANG_WARN_OBJC_LITERAL_CONVERSION = YES;
				CLANG_WARN_OBJC_ROOT_CLASS = YES_ERROR;
				CLANG_WARN_QUOTED_INCLUDE_IN_FRAMEWORK_HEADER = YES;
				CLANG_WARN_RANGE_LOOP_ANALYSIS = YES;
				CLANG_WARN_STRICT_PROTOTYPES = YES;
				CLANG_WARN_SUSPICIOUS_MOVE = YES;
				CLANG_WARN_UNGUARDED_AVAILABILITY = YES_AGGRESSIVE;
				CLANG_WARN_UNREACHABLE_CODE = YES;
				CLANG_WARN__DUPLICATE_METHOD_MATCH = YES;
				COPY_PHASE_STRIP = NO;
				DEBUG_INFORMATION_FORMAT = "dwarf-with-dsym";
				ENABLE_NS_ASSERTIONS = NO;
				ENABLE_STRICT_OBJC_MSGSEND = YES;
				ENABLE_USER_SCRIPT_SANDBOXING = YES;
				GCC_C_LANGUAGE_STANDARD = gnu17;
				GCC_NO_COMMON_BLOCKS = YES;
				GCC_WARN_64_TO_32_BIT_CONVERSION = YES;
				GCC_WARN_ABOUT_RETURN_TYPE = YES_ERROR;
				GCC_WARN_UNDECLARED_SELECTOR = YES;
				GCC_WARN_UNINITIALIZED_AUTOS = YES_AGGRESSIVE;
				GCC_WARN_UNUSED_FUNCTION = YES;
				GCC_WARN_UNUSED_VARIABLE = YES;
				IPHONEOS_DEPLOYMENT_TARGET = 17.5;
				LOCALIZATION_PREFERS_STRING_CATALOGS = YES;
				MTL_ENABLE_DEBUG_INFO = NO;
				MTL_FAST_MATH = YES;
				SDKROOT = iphoneos;
				SWIFT_COMPILATION_MODE = wholemodule;
				VALIDATE_PRODUCT = YES;
			};
			name = Release;
		};
		64B4FBC22C0334C700382F37 /* Debug */ = {
			isa = XCBuildConfiguration;
			buildSettings = {
				ASSETCATALOG_COMPILER_APPICON_NAME = AppIcon;
				ASSETCATALOG_COMPILER_GLOBAL_ACCENT_COLOR_NAME = AccentColor;
				CODE_SIGN_STYLE = Automatic;
				CURRENT_PROJECT_VERSION = 1;
				DEVELOPMENT_TEAM = QC8NW9PFKL;
				GENERATE_INFOPLIST_FILE = YES;
				INFOPLIST_FILE = MVVM_first/Info.plist;
				INFOPLIST_KEY_UIApplicationSupportsIndirectInputEvents = YES;
				INFOPLIST_KEY_UILaunchStoryboardName = LaunchScreen;
				INFOPLIST_KEY_UIMainStoryboardFile = Main;
				INFOPLIST_KEY_UISupportedInterfaceOrientations_iPad = "UIInterfaceOrientationPortrait UIInterfaceOrientationPortraitUpsideDown UIInterfaceOrientationLandscapeLeft UIInterfaceOrientationLandscapeRight";
				INFOPLIST_KEY_UISupportedInterfaceOrientations_iPhone = "UIInterfaceOrientationPortrait UIInterfaceOrientationLandscapeLeft UIInterfaceOrientationLandscapeRight";
				LD_RUNPATH_SEARCH_PATHS = (
					"$(inherited)",
					"@executable_path/Frameworks",
				);
				MARKETING_VERSION = 1.0;
				PRODUCT_BUNDLE_IDENTIFIER = "haruto.MVVM-first";
				PRODUCT_NAME = "$(TARGET_NAME)";
				SWIFT_EMIT_LOC_STRINGS = YES;
				SWIFT_VERSION = 5.0;
				TARGETED_DEVICE_FAMILY = "1,2";
			};
			name = Debug;
		};
		64B4FBC32C0334C700382F37 /* Release */ = {
			isa = XCBuildConfiguration;
			buildSettings = {
				ASSETCATALOG_COMPILER_APPICON_NAME = AppIcon;
				ASSETCATALOG_COMPILER_GLOBAL_ACCENT_COLOR_NAME = AccentColor;
				CODE_SIGN_STYLE = Automatic;
				CURRENT_PROJECT_VERSION = 1;
				DEVELOPMENT_TEAM = QC8NW9PFKL;
				GENERATE_INFOPLIST_FILE = YES;
				INFOPLIST_FILE = MVVM_first/Info.plist;
				INFOPLIST_KEY_UIApplicationSupportsIndirectInputEvents = YES;
				INFOPLIST_KEY_UILaunchStoryboardName = LaunchScreen;
				INFOPLIST_KEY_UIMainStoryboardFile = Main;
				INFOPLIST_KEY_UISupportedInterfaceOrientations_iPad = "UIInterfaceOrientationPortrait UIInterfaceOrientationPortraitUpsideDown UIInterfaceOrientationLandscapeLeft UIInterfaceOrientationLandscapeRight";
				INFOPLIST_KEY_UISupportedInterfaceOrientations_iPhone = "UIInterfaceOrientationPortrait UIInterfaceOrientationLandscapeLeft UIInterfaceOrientationLandscapeRight";
				LD_RUNPATH_SEARCH_PATHS = (
					"$(inherited)",
					"@executable_path/Frameworks",
				);
				MARKETING_VERSION = 1.0;
				PRODUCT_BUNDLE_IDENTIFIER = "haruto.MVVM-first";
				PRODUCT_NAME = "$(TARGET_NAME)";
				SWIFT_EMIT_LOC_STRINGS = YES;
				SWIFT_VERSION = 5.0;
				TARGETED_DEVICE_FAMILY = "1,2";
			};
			name = Release;
		};
/* End XCBuildConfiguration section */

/* Begin XCConfigurationList section */
		64B4FBA82C0334C600382F37 /* Build configuration list for PBXProject "MVVM_first" */ = {
			isa = XCConfigurationList;
			buildConfigurations = (
				64B4FBBF2C0334C700382F37 /* Debug */,
				64B4FBC02C0334C700382F37 /* Release */,
			);
			defaultConfigurationIsVisible = 0;
			defaultConfigurationName = Release;
		};
		64B4FBC12C0334C700382F37 /* Build configuration list for PBXNativeTarget "MVVM_first" */ = {
			isa = XCConfigurationList;
			buildConfigurations = (
				64B4FBC22C0334C700382F37 /* Debug */,
				64B4FBC32C0334C700382F37 /* Release */,
			);
			defaultConfigurationIsVisible = 0;
			defaultConfigurationName = Release;
		};
/* End XCConfigurationList section */
	};
	rootObject = 64B4FBA52C0334C600382F37 /* Project object */;
}
